// !$*UTF8*$!
{
	archiveVersion = 1;
	classes = {
	};
	objectVersion = 77;
	objects = {

/* Begin PBXContainerItemProxy section */
		30234374306CEC4B007879E4 /* PBXContainerItemProxy */ = {
			isa = PBXContainerItemProxy;
			containerPortal = 3023435C306CEC4B007879E4 /* Project object */;
			proxyType = 1;
			remoteGlobalIDString = 30234363306CEC4B007879E4;
			remoteInfo = "Socialite-Wrapper";
		};
		3023437E306CEC4C007879E4 /* PBXContainerItemProxy */ = {
			isa = PBXContainerItemProxy;
			containerPortal = 3023435C306CEC4B007879E4 /* Project object */;
			proxyType = 1;
			remoteGlobalIDString = 30234363306CEC4B007879E4;
			remoteInfo = "Socialite-Wrapper";
		};
/* End PBXContainerItemProxy section */

/* Begin PBXFileReference section */
		30234364306CEC4B007879E4 /* Socialite-Wrapper.app */ = {isa = PBXFileReference; explicitFileType = wrapper.application; includeInIndex = 0; path = "Socialite-Wrapper.app"; sourceTree = BUILT_PRODUCTS_DIR; };
		30234373306CEC4B007879E4 /* Socialite-WrapperTests.xctest */ = {isa = PBXFileReference; explicitFileType = wrapper.cfbundle; includeInIndex = 0; path = "Socialite-WrapperTests.xctest"; sourceTree = BUILT_PRODUCTS_DIR; };
		3023437D306CEC4C007879E4 /* Socialite-WrapperUITests.xctest */ = {isa = PBXFileReference; explicitFileType = wrapper.cfbundle; includeInIndex = 0; path = "Socialite-WrapperUITests.xctest"; sourceTree = BUILT_PRODUCTS_DIR; };
/* End PBXFileReference section */

/* Begin PBXFileSystemSynchronizedRootGroup section */
		30234366306CEC4B007879E4 /* Socialite-Wrapper */ = {
			isa = PBXFileSystemSynchronizedRootGroup;
			path = "Socialite-Wrapper";
			sourceTree = "<group>";
		};
		30234376306CEC4B007879E4 /* Socialite-WrapperTests */ = {
			isa = PBXFileSystemSynchronizedRootGroup;
			path = "Socialite-WrapperTests";
			sourceTree = "<group>";
		};
		30234380306CEC4C007879E4 /* Socialite-WrapperUITests */ = {
			isa = PBXFileSystemSynchronizedRootGroup;
			path = "Socialite-WrapperUITests";
			sourceTree = "<group>";
		};
/* End PBXFileSystemSynchronizedRootGroup section */

/* Begin PBXFrameworksBuildPhase section */
		30234361306CEC4B007879E4 /* Frameworks */ = {
			isa = PBXFrameworksBuildPhase;
			buildActionMask = 2147483647;
			files = (
			);
			runOnlyForDeploymentPostprocessing = 0;
		};
		30234370306CEC4B007879E4 /* Frameworks */ = {
			isa = PBXFrameworksBuildPhase;
			buildActionMask = 2147483647;
			files = (
			);
			runOnlyForDeploymentPostprocessing = 0;
		};
		3023437A306CEC4C007879E4 /* Frameworks */ = {
			isa = PBXFrameworksBuildPhase;
			buildActionMask = 2147483647;
			files = (
			);
			runOnlyForDeploymentPostprocessing = 0;
		};
/* End PBXFrameworksBuildPhase section */

/* Begin PBXGroup section */
		3023435B306CEC4B007879E4 = {
			isa = PBXGroup;
			children = (
				30234366306CEC4B007879E4 /* Socialite-Wrapper */,
				30234376306CEC4B007879E4 /* Socialite-WrapperTests */,
				30234380306CEC4C007879E4 /* Socialite-WrapperUITests */,
				30234365306CEC4B007879E4 /* Products */,
			);
			sourceTree = "<group>";
		};
		30234365306CEC4B007879E4 /* Products */ = {
			isa = PBXGroup;
			children = (
				30234364306CEC4B007879E4 /* Socialite-Wrapper.app */,
				30234373306CEC4B007879E4 /* Socialite-WrapperTests.xctest */,
				3023437D306CEC4C007879E4 /* Socialite-WrapperUITests.xctest */,
			);
			name = Products;
			sourceTree = "<group>";
		};
/* End PBXGroup section */

/* Begin PBXNativeTarget section */
		30234363306CEC4B007879E4 /* Socialite-Wrapper */ = {
			isa = PBXNativeTarget;
			buildConfigurationList = 30234387306CEC4C007879E4 /* Build configuration list for PBXNativeTarget "Socialite-Wrapper" */;
			buildPhases = (
				30234360306CEC4B007879E4 /* Sources */,
				30234361306CEC4B007879E4 /* Frameworks */,
				30234362306CEC4B007879E4 /* Resources */,
			);
			buildRules = (
			);
			dependencies = (
			);
			fileSystemSynchronizedGroups = (
				30234366306CEC4B007879E4 /* Socialite-Wrapper */,
			);
			name = "Socialite-Wrapper";
			packageProductDependencies = (
			);
			productName = "Socialite-Wrapper";
			productReference = 30234364306CEC4B007879E4 /* Socialite-Wrapper.app */;
			productType = "com.apple.product-type.application";
		};
		30234372306CEC4B007879E4 /* Socialite-WrapperTests */ = {
			isa = PBXNativeTarget;
			buildConfigurationList = 3023438A306CEC4C007879E4 /* Build configuration list for PBXNativeTarget "Socialite-WrapperTests" */;
			buildPhases = (
				3023436F306CEC4B007879E4 /* Sources */,
				30234370306CEC4B007879E4 /* Frameworks */,
				30234371306CEC4B007879E4 /* Resources */,
			);
			buildRules = (
			);
			dependencies = (
				30234375306CEC4B007879E4 /* PBXTargetDependency */,
			);
			fileSystemSynchronizedGroups = (
				30234376306CEC4B007879E4 /* Socialite-WrapperTests */,
			);
			name = "Socialite-WrapperTests";
			packageProductDependencies = (
			);
			productName = "Socialite-WrapperTests";
			productReference = 30234373306CEC4B007879E4 /* Socialite-WrapperTests.xctest */;
			productType = "com.apple.product-type.bundle.unit-test";
		};
		3023437C306CEC4C007879E4 /* Socialite-WrapperUITests */ = {
			isa = PBXNativeTarget;
			buildConfigurationList = 3023438D306CEC4C007879E4 /* Build configuration list for PBXNativeTarget "Socialite-WrapperUITests" */;
			buildPhases = (
				30234379306CEC4C007879E4 /* Sources */,
				3023437A306CEC4C007879E4 /* Frameworks */,
				3023437B306CEC4C007879E4 /* Resources */,
			);
			buildRules = (
			);
			dependencies = (
				3023437F306CEC4C007879E4 /* PBXTargetDependency */,
			);
			fileSystemSynchronizedGroups = (
				30234380306CEC4C007879E4 /* Socialite-WrapperUITests */,
			);
			name = "Socialite-WrapperUITests";
			packageProductDependencies = (
			);
			productName = "Socialite-WrapperUITests";
			productReference = 3023437D306CEC4C007879E4 /* Socialite-WrapperUITests.xctest */;
			productType = "com.apple.product-type.bundle.ui-testing";
		};
/* End PBXNativeTarget section */

/* Begin PBXProject section */
		3023435C306CEC4B007879E4 /* Project object */ = {
			isa = PBXProject;
			attributes = {
				BuildIndependentTargetsInParallel = 1;
				LastSwiftUpdateCheck = 2620;
				LastUpgradeCheck = 2620;
				TargetAttributes = {
					30234363306CEC4B007879E4 = {
						CreatedOnToolsVersion = 26.2;
					};
					30234372306CEC4B007879E4 = {
						CreatedOnToolsVersion = 26.2;
						TestTargetID = 30234363306CEC4B007879E4;
					};
					3023437C306CEC4C007879E4 = {
						CreatedOnToolsVersion = 26.2;
						TestTargetID = 30234363306CEC4B007879E4;
					};
				};
			};
			buildConfigurationList = 3023435F306CEC4B007879E4 /* Build configuration list for PBXProject "Socialite-Wrapper" */;
			developmentRegion = en;
			hasScannedForEncodings = 0;
			knownRegions = (
				en,
				Base,
			);
			mainGroup = 3023435B306CEC4B007879E4;
			minimizedProjectReferenceProxies = 1;
			preferredProjectObjectVersion = 77;
			productRefGroup = 30234365306CEC4B007879E4 /* Products */;
			projectDirPath = "";
			projectRoot = "";
			targets = (
				30234363306CEC4B007879E4 /* Socialite-Wrapper */,
				30234372306CEC4B007879E4 /* Socialite-WrapperTests */,
				3023437C306CEC4C007879E4 /* Socialite-WrapperUITests */,
			);
		};
/* End PBXProject section */

/* Begin PBXResourcesBuildPhase section */
		30234362306CEC4B007879E4 /* Resources */ = {
			isa = PBXResourcesBuildPhase;
			buildActionMask = 2147483647;
			files = (
			);
			runOnlyForDeploymentPostprocessing = 0;
		};
		30234371306CEC4B007879E4 /* Resources */ = {
			isa = PBXResourcesBuildPhase;
			buildActionMask = 2147483647;
			files = (
			);
			runOnlyForDeploymentPostprocessing = 0;
		};
		3023437B306CEC4C007879E4 /* Resources */ = {
			isa = PBXResourcesBuildPhase;
			buildActionMask = 2147483647;
			files = (
			);
			runOnlyForDeploymentPostprocessing = 0;
		};
/* End PBXResourcesBuildPhase section */

/* Begin PBXSourcesBuildPhase section */
		30234360306CEC4B007879E4 /* Sources */ = {
			isa = PBXSourcesBuildPhase;
			buildActionMask = 2147483647;
			files = (
			);
			runOnlyForDeploymentPostprocessing = 0;
		};
		3023436F306CEC4B007879E4 /* Sources */ = {
			isa = PBXSourcesBuildPhase;
			buildActionMask = 2147483647;
			files = (
			);
			runOnlyForDeploymentPostprocessing = 0;
		};
		30234379306CEC4C007879E4 /* Sources */ = {
			isa = PBXSourcesBuildPhase;
			buildActionMask = 2147483647;
			files = (
			);
			runOnlyForDeploymentPostprocessing = 0;
		};
/* End PBXSourcesBuildPhase section */

/* Begin PBXTargetDependency section */
		30234375306CEC4B007879E4 /* PBXTargetDependency */ = {
			isa = PBXTargetDependency;
			target = 30234363306CEC4B007879E4 /* Socialite-Wrapper */;
			targetProxy = 30234374306CEC4B007879E4 /* PBXContainerItemProxy */;
		};
		3023437F306CEC4C007879E4 /* PBXTargetDependency */ = {
			isa = PBXTargetDependency;
			target = 30234363306CEC4B007879E4 /* Socialite-Wrapper */;
			targetProxy = 3023437E306CEC4C007879E4 /* PBXContainerItemProxy */;
		};
/* End PBXTargetDependency section */

/* Begin XCBuildConfiguration section */
		30234385306CEC4C007879E4 /* Debug */ = {
			isa = XCBuildConfiguration;
			buildSettings = {
				ALWAYS_SEARCH_USER_PATHS = NO;
				ASSETCATALOG_COMPILER_GENERATE_SWIFT_ASSET_SYMBOL_EXTENSIONS = YES;
				CLANG_ANALYZER_NONNULL = YES;
				CLANG_ANALYZER_NUMBER_OBJECT_CONVERSION = YES_AGGRESSIVE;
				CLANG_CXX_LANGUAGE_STANDARD = "gnu++20";
				CLANG_ENABLE_MODULES = YES;
				CLANG_ENABLE_OBJC_ARC = YES;
				CLANG_ENABLE_OBJC_WEAK = YES;
				CLANG_WARN_BLOCK_CAPTURE_AUTORELEASING = YES;
				CLANG_WARN_BOOL_CONVERSION = YES;
				CLANG_WARN_COMMA = YES;
				CLANG_WARN_CONSTANT_CONVERSION = YES;
				CLANG_WARN_DEPRECATED_OBJC_IMPLEMENTATIONS = YES;
				CLANG_WARN_DIRECT_OBJC_ISA_USAGE = YES_ERROR;
				CLANG_WARN_DOCUMENTATION_COMMENTS = YES;
				CLANG_WARN_EMPTY_BODY = YES;
				CLANG_WARN_ENUM_CONVERSION = YES;
				CLANG_WARN_INFINITE_RECURSION = YES;
				CLANG_WARN_INT_CONVERSION = YES;
				CLANG_WARN_NON_LITERAL_NULL_CONVERSION = YES;
				CLANG_WARN_OBJC_IMPLICIT_RETAIN_SELF = YES;
				CLANG_WARN_OBJC_LITERAL_CONVERSION = YES;
				CLANG_WARN_OBJC_ROOT_CLASS = YES_ERROR;
				CLANG_WARN_QUOTED_INCLUDE_IN_FRAMEWORK_HEADER = YES;
				CLANG_WARN_RANGE_LOOP_ANALYSIS = YES;
				CLANG_WARN_STRICT_PROTOTYPES = YES;
				CLANG_WARN_SUSPICIOUS_MOVE = YES;
				CLANG_WARN_UNGUARDED_AVAILABILITY = YES_AGGRESSIVE;
				CLANG_WARN_UNREACHABLE_CODE = YES;
				CLANG_WARN__DUPLICATE_METHOD_MATCH = YES;
				COPY_PHASE_STRIP = NO;
				DEBUG_INFORMATION_FORMAT = dwarf;
				ENABLE_STRICT_OBJC_MSGSEND = YES;
				ENABLE_TESTABILITY = YES;
				ENABLE_USER_SCRIPT_SANDBOXING = YES;
				GCC_C_LANGUAGE_STANDARD = gnu17;
				GCC_DYNAMIC_NO_PIC = NO;
				GCC_NO_COMMON_BLOCKS = YES;
				GCC_OPTIMIZATION_LEVEL = 0;
				GCC_PREPROCESSOR_DEFINITIONS = (
					"DEBUG=1",
					"$(inherited)",
				);
				GCC_WARN_64_TO_32_BIT_CONVERSION = YES;
				GCC_WARN_ABOUT_RETURN_TYPE = YES_ERROR;
				GCC_WARN_UNDECLARED_SELECTOR = YES;
				GCC_WARN_UNINITIALIZED_AUTOS = YES_AGGRESSIVE;
				GCC_WARN_UNUSED_FUNCTION = YES;
				GCC_WARN_UNUSED_VARIABLE = YES;
				IPHONEOS_DEPLOYMENT_TARGET = 17.0;
				LOCALIZATION_PREFERS_STRING_CATALOGS = YES;
				MTL_ENABLE_DEBUG_INFO = INCLUDE_SOURCE;
				MTL_FAST_MATH = YES;
				ONLY_ACTIVE_ARCH = YES;
				SDKROOT = iphoneos;
				SWIFT_ACTIVE_COMPILATION_CONDITIONS = "DEBUG $(inherited)";
				SWIFT_OPTIMIZATION_LEVEL = "-Onone";
			};
			name = Debug;
		};
		30234386306CEC4C007879E4 /* Release */ = {
			isa = XCBuildConfiguration;
			buildSettings = {
				ALWAYS_SEARCH_USER_PATHS = NO;
				ASSETCATALOG_COMPILER_GENERATE_SWIFT_ASSET_SYMBOL_EXTENSIONS = YES;
				CLANG_ANALYZER_NONNULL = YES;
				CLANG_ANALYZER_NUMBER_OBJECT_CONVERSION = YES_AGGRESSIVE;
				CLANG_CXX_LANGUAGE_STANDARD = "gnu++20";
				CLANG_ENABLE_MODULES = YES;
				CLANG_ENABLE_OBJC_ARC = YES;
				CLANG_ENABLE_OBJC_WEAK = YES;
				CLANG_WARN_BLOCK_CAPTURE_AUTORELEASING = YES;
				CLANG_WARN_BOOL_CONVERSION = YES;
				CLANG_WARN_COMMA = YES;
				CLANG_WARN_CONSTANT_CONVERSION = YES;
				CLANG_WARN_DEPRECATED_OBJC_IMPLEMENTATIONS = YES;
				CLANG_WARN_DIRECT_OBJC_ISA_USAGE = YES_ERROR;
				CLANG_WARN_DOCUMENTATION_COMMENTS = YES;
				CLANG_WARN_EMPTY_BODY = YES;
				CLANG_WARN_ENUM_CONVERSION = YES;
				CLANG_WARN_INFINITE_RECURSION = YES;
				CLANG_WARN_INT_CONVERSION = YES;
				CLANG_WARN_NON_LITERAL_NULL_CONVERSION = YES;
				CLANG_WARN_OBJC_IMPLICIT_RETAIN_SELF = YES;
				CLANG_WARN_OBJC_LITERAL_CONVERSION = YES;
				CLANG_WARN_OBJC_ROOT_CLASS = YES_ERROR;
				CLANG_WARN_QUOTED_INCLUDE_IN_FRAMEWORK_HEADER = YES;
				CLANG_WARN_RANGE_LOOP_ANALYSIS = YES;
				CLANG_WARN_STRICT_PROTOTYPES = YES;
				CLANG_WARN_SUSPICIOUS_MOVE = YES;
				CLANG_WARN_UNGUARDED_AVAILABILITY = YES_AGGRESSIVE;
				CLANG_WARN_UNREACHABLE_CODE = YES;
				CLANG_WARN__DUPLICATE_METHOD_MATCH = YES;
				COPY_PHASE_STRIP = NO;
				DEBUG_INFORMATION_FORMAT = "dwarf-with-dsym";
				ENABLE_NS_ASSERTIONS = NO;
				ENABLE_STRICT_OBJC_MSGSEND = YES;
				ENABLE_USER_SCRIPT_SANDBOXING = YES;
				GCC_C_LANGUAGE_STANDARD = gnu17;
				GCC_NO_COMMON_BLOCKS = YES;
				GCC_WARN_64_TO_32_BIT_CONVERSION = YES;
				GCC_WARN_ABOUT_RETURN_TYPE = YES_ERROR;
				GCC_WARN_UNDECLARED_SELECTOR = YES;
				GCC_WARN_UNINITIALIZED_AUTOS = YES_AGGRESSIVE;
				GCC_WARN_UNUSED_FUNCTION = YES;
				GCC_WARN_UNUSED_VARIABLE = YES;
				IPHONEOS_DEPLOYMENT_TARGET = 17.0;
				LOCALIZATION_PREFERS_STRING_CATALOGS = YES;
				MTL_ENABLE_DEBUG_INFO = NO;
				MTL_FAST_MATH = YES;
				SDKROOT = iphoneos;
				SWIFT_COMPILATION_MODE = wholemodule;
				VALIDATE_PRODUCT = YES;
			};
			name = Release;
		};
		30234388306CEC4C007879E4 /* Debug */ = {
			isa = XCBuildConfiguration;
			buildSettings = {
				ASSETCATALOG_COMPILER_APPICON_NAME = AppIcon;
				ASSETCATALOG_COMPILER_GLOBAL_ACCENT_COLOR_NAME = AccentColor;
				CODE_SIGN_STYLE = Automatic;
				CURRENT_PROJECT_VERSION = 1;
				DEVELOPMENT_TEAM = 72D3CDCYDY;
				ENABLE_PREVIEWS = YES;
				GENERATE_INFOPLIST_FILE = YES;
				INFOPLIST_KEY_CFBundleDisplayName = Glance;
				INFOPLIST_KEY_NSCameraUsageDescription = "Used when you choose Take Photo or Video to send in a message.";
				INFOPLIST_KEY_NSMicrophoneUsageDescription = "Used when you record a video with sound to send in a message.";
				INFOPLIST_KEY_NSPhotoLibraryUsageDescription = "Used when you pick photos or videos to send in a message.";
				INFOPLIST_KEY_UIApplicationSceneManifest_Generation = YES;
				INFOPLIST_KEY_UIApplicationSupportsIndirectInputEvents = YES;
				INFOPLIST_KEY_UILaunchScreen_Generation = YES;
				INFOPLIST_KEY_UISupportedInterfaceOrientations = UIInterfaceOrientationPortrait;
				LD_RUNPATH_SEARCH_PATHS = (
					"$(inherited)",
					"@executable_path/Frameworks",
				);
				MARKETING_VERSION = 1.0;
				PRODUCT_BUNDLE_IDENTIFIER = "Finn.Murphy.Socialite-Wrapper";
				PRODUCT_NAME = "$(TARGET_NAME)";
				STRING_CATALOG_GENERATE_SYMBOLS = YES;
				SUPPORTED_PLATFORMS = "iphoneos iphonesimulator";
				SUPPORTS_MACCATALYST = NO;
				SWIFT_APPROACHABLE_CONCURRENCY = YES;
				SWIFT_DEFAULT_ACTOR_ISOLATION = MainActor;
				SWIFT_EMIT_LOC_STRINGS = YES;
				SWIFT_UPCOMING_FEATURE_MEMBER_IMPORT_VISIBILITY = YES;
				SWIFT_VERSION = 5.0;
				TARGETED_DEVICE_FAMILY = 1;
			};
			name = Debug;
		};
		30234389306CEC4C007879E4 /* Release */ = {
			isa = XCBuildConfiguration;
			buildSettings = {
				ASSETCATALOG_COMPILER_APPICON_NAME = AppIcon;
				ASSETCATALOG_COMPILER_GLOBAL_ACCENT_COLOR_NAME = AccentColor;
				CODE_SIGN_STYLE = Automatic;
				CURRENT_PROJECT_VERSION = 1;
				DEVELOPMENT_TEAM = 72D3CDCYDY;
				ENABLE_PREVIEWS = YES;
				GENERATE_INFOPLIST_FILE = YES;
				INFOPLIST_KEY_CFBundleDisplayName = Glance;
				INFOPLIST_KEY_NSCameraUsageDescription = "Used when you choose Take Photo or Video to send in a message.";
				INFOPLIST_KEY_NSMicrophoneUsageDescription = "Used when you record a video with sound to send in a message.";
				INFOPLIST_KEY_NSPhotoLibraryUsageDescription = "Used when you pick photos or videos to send in a message.";
				INFOPLIST_KEY_UIApplicationSceneManifest_Generation = YES;
				INFOPLIST_KEY_UIApplicationSupportsIndirectInputEvents = YES;
				INFOPLIST_KEY_UILaunchScreen_Generation = YES;
				INFOPLIST_KEY_UISupportedInterfaceOrientations = UIInterfaceOrientationPortrait;
				LD_RUNPATH_SEARCH_PATHS = (
					"$(inherited)",
					"@executable_path/Frameworks",
				);
				MARKETING_VERSION = 1.0;
				PRODUCT_BUNDLE_IDENTIFIER = "Finn.Murphy.Socialite-Wrapper";
				PRODUCT_NAME = "$(TARGET_NAME)";
				STRING_CATALOG_GENERATE_SYMBOLS = YES;
				SUPPORTED_PLATFORMS = "iphoneos iphonesimulator";
				SUPPORTS_MACCATALYST = NO;
				SWIFT_APPROACHABLE_CONCURRENCY = YES;
				SWIFT_DEFAULT_ACTOR_ISOLATION = MainActor;
				SWIFT_EMIT_LOC_STRINGS = YES;
				SWIFT_UPCOMING_FEATURE_MEMBER_IMPORT_VISIBILITY = YES;
				SWIFT_VERSION = 5.0;
				TARGETED_DEVICE_FAMILY = 1;
			};
			name = Release;
		};
		3023438B306CEC4C007879E4 /* Debug */ = {
			isa = XCBuildConfiguration;
			buildSettings = {
				BUNDLE_LOADER = "$(TEST_HOST)";
				CODE_SIGN_STYLE = Automatic;
				CURRENT_PROJECT_VERSION = 1;
				DEVELOPMENT_TEAM = 72D3CDCYDY;
				GENERATE_INFOPLIST_FILE = YES;
				MARKETING_VERSION = 1.0;
				PRODUCT_BUNDLE_IDENTIFIER = "Finn.Murphy.Socialite-WrapperTests";
				PRODUCT_NAME = "$(TARGET_NAME)";
				STRING_CATALOG_GENERATE_SYMBOLS = NO;
				SWIFT_APPROACHABLE_CONCURRENCY = YES;
				SWIFT_EMIT_LOC_STRINGS = NO;
				SWIFT_UPCOMING_FEATURE_MEMBER_IMPORT_VISIBILITY = YES;
				SWIFT_VERSION = 5.0;
				TARGETED_DEVICE_FAMILY = 1;
				TEST_HOST = "$(BUILT_PRODUCTS_DIR)/Socialite-Wrapper.app/$(BUNDLE_EXECUTABLE_FOLDER_PATH)/Socialite-Wrapper";
			};
			name = Debug;
		};
		3023438C306CEC4C007879E4 /* Release */ = {
			isa = XCBuildConfiguration;
			buildSettings = {
				BUNDLE_LOADER = "$(TEST_HOST)";
				CODE_SIGN_STYLE = Automatic;
				CURRENT_PROJECT_VERSION = 1;
				DEVELOPMENT_TEAM = 72D3CDCYDY;
				GENERATE_INFOPLIST_FILE = YES;
				MARKETING_VERSION = 1.0;
				PRODUCT_BUNDLE_IDENTIFIER = "Finn.Murphy.Socialite-WrapperTests";
				PRODUCT_NAME = "$(TARGET_NAME)";
				STRING_CATALOG_GENERATE_SYMBOLS = NO;
				SWIFT_APPROACHABLE_CONCURRENCY = YES;
				SWIFT_EMIT_LOC_STRINGS = NO;
				SWIFT_UPCOMING_FEATURE_MEMBER_IMPORT_VISIBILITY = YES;
				SWIFT_VERSION = 5.0;
				TARGETED_DEVICE_FAMILY = 1;
				TEST_HOST = "$(BUILT_PRODUCTS_DIR)/Socialite-Wrapper.app/$(BUNDLE_EXECUTABLE_FOLDER_PATH)/Socialite-Wrapper";
			};
			name = Release;
		};
		3023438E306CEC4C007879E4 /* Debug */ = {
			isa = XCBuildConfiguration;
			buildSettings = {
				CODE_SIGN_STYLE = Automatic;
				CURRENT_PROJECT_VERSION = 1;
				DEVELOPMENT_TEAM = 72D3CDCYDY;
				GENERATE_INFOPLIST_FILE = YES;
				MARKETING_VERSION = 1.0;
				PRODUCT_BUNDLE_IDENTIFIER = "Finn.Murphy.Socialite-WrapperUITests";
				PRODUCT_NAME = "$(TARGET_NAME)";
				STRING_CATALOG_GENERATE_SYMBOLS = NO;
				SWIFT_APPROACHABLE_CONCURRENCY = YES;
				SWIFT_EMIT_LOC_STRINGS = NO;
				SWIFT_UPCOMING_FEATURE_MEMBER_IMPORT_VISIBILITY = YES;
				SWIFT_VERSION = 5.0;
				TARGETED_DEVICE_FAMILY = 1;
				TEST_TARGET_NAME = "Socialite-Wrapper";
			};
			name = Debug;
		};
		3023438F306CEC4C007879E4 /* Release */ = {
			isa = XCBuildConfiguration;
			buildSettings = {
				CODE_SIGN_STYLE = Automatic;
				CURRENT_PROJECT_VERSION = 1;
				DEVELOPMENT_TEAM = 72D3CDCYDY;
				GENERATE_INFOPLIST_FILE = YES;
				MARKETING_VERSION = 1.0;
				PRODUCT_BUNDLE_IDENTIFIER = "Finn.Murphy.Socialite-WrapperUITests";
				PRODUCT_NAME = "$(TARGET_NAME)";
				STRING_CATALOG_GENERATE_SYMBOLS = NO;
				SWIFT_APPROACHABLE_CONCURRENCY = YES;
				SWIFT_EMIT_LOC_STRINGS = NO;
				SWIFT_UPCOMING_FEATURE_MEMBER_IMPORT_VISIBILITY = YES;
				SWIFT_VERSION = 5.0;
				TARGETED_DEVICE_FAMILY = 1;
				TEST_TARGET_NAME = "Socialite-Wrapper";
			};
			name = Release;
		};
/* End XCBuildConfiguration section */

/* Begin XCConfigurationList section */
		3023435F306CEC4B007879E4 /* Build configuration list for PBXProject "Socialite-Wrapper" */ = {
			isa = XCConfigurationList;
			buildConfigurations = (
				30234385306CEC4C007879E4 /* Debug */,
				30234386306CEC4C007879E4 /* Release */,
			);
			defaultConfigurationIsVisible = 0;
			defaultConfigurationName = Release;
		};
		30234387306CEC4C007879E4 /* Build configuration list for PBXNativeTarget "Socialite-Wrapper" */ = {
			isa = XCConfigurationList;
			buildConfigurations = (
				30234388306CEC4C007879E4 /* Debug */,
				30234389306CEC4C007879E4 /* Release */,
			);
			defaultConfigurationIsVisible = 0;
			defaultConfigurationName = Release;
		};
		3023438A306CEC4C007879E4 /* Build configuration list for PBXNativeTarget "Socialite-WrapperTests" */ = {
			isa = XCConfigurationList;
			buildConfigurations = (
				3023438B306CEC4C007879E4 /* Debug */,
				3023438C306CEC4C007879E4 /* Release */,
			);
			defaultConfigurationIsVisible = 0;
			defaultConfigurationName = Release;
		};
		3023438D306CEC4C007879E4 /* Build configuration list for PBXNativeTarget "Socialite-WrapperUITests" */ = {
			isa = XCConfigurationList;
			buildConfigurations = (
				3023438E306CEC4C007879E4 /* Debug */,
				3023438F306CEC4C007879E4 /* Release */,
			);
			defaultConfigurationIsVisible = 0;
			defaultConfigurationName = Release;
		};
/* End XCConfigurationList section */
	};
	rootObject = 3023435C306CEC4B007879E4 /* Project object */;
}
